
Microsoft Visual Studio Solution File, Format Version 12.00
# Visual Studio 15
VisualStudioVersion = 15.0.27004.2006
MinimumVisualStudioVersion = 10.0.40219.1
Project("{FAE04EC0-301F-11D3-BF4B-00C04F79EFBC}") = "DiffWBias", "DiffWBias\DiffWBias.csproj", "{4C4BF824-3D4F-4C8A-9488-6EDA15206182}"
EndProject
Project("{FAE04EC0-301F-11D3-BF4B-00C04F79EFBC}") = "DiffTest", "DiffTest\DiffTest.csproj", "{5BB0A6B9-9A00-49D4-889A-FA97CFCF14CD}"
EndProject
Global
	GlobalSection(SolutionConfigurationPlatforms) = preSolution
		Debug|Any CPU = Debug|Any CPU
		Release|Any CPU = Release|Any CPU
	EndGlobalSection
	GlobalSection(ProjectConfigurationPlatforms) = postSolution
		{4C4BF824-3D4F-4C8A-9488-6EDA15206182}.Debug|Any CPU.ActiveCfg = Debug|Any CPU
		{4C4BF824-3D4F-4C8A-9488-6EDA15206182}.Debug|Any CPU.Build.0 = Debug|Any CPU
		{4C4BF824-3D4F-4C8A-9488-6EDA15206182}.Release|Any CPU.ActiveCfg = Release|Any CPU
		{4C4BF824-3D4F-4C8A-9488-6EDA15206182}.Release|Any CPU.Build.0 = Release|Any CPU
		{5BB0A6B9-9A00-49D4-889A-FA97CFCF14CD}.Debug|Any CPU.ActiveCfg = Debug|Any CPU
		{5BB0A6B9-9A00-49D4-889A-FA97CFCF14CD}.Debug|Any CPU.Build.0 = Debug|Any CPU
		{5BB0A6B9-9A00-49D4-889A-FA97CFCF14CD}.Release|Any CPU.ActiveCfg = Release|Any CPU
		{5BB0A6B9-9A00-49D4-889A-FA97CFCF14CD}.Release|Any CPU.Build.0 = Release|Any CPU
	EndGlobalSection
	GlobalSection(SolutionProperties) = preSolution
		HideSolutionNode = FALSE
	EndGlobalSection
	GlobalSection(ExtensibilityGlobals) = postSolution
		SolutionGuid = {1D880224-C5E1-4C08-90A3-EFD05764C396}
	EndGlobalSection
EndGlobal
